
Microsoft Visual Studio Solution File, Format Version 12.00
# Visual Studio Version 16
VisualStudioVersion = 16.0.31005.135
MinimumVisualStudioVersion = 15.0.26124.0
Project("{9A19103F-16F7-4668-BE54-9A1E7A4F7556}") = "Microsoft.IO.RecyclableMemoryStream", "src\Microsoft.IO.RecyclableMemoryStream.csproj", "{EAF8CD0E-1934-40AB-B139-63CE9F423439}"
EndProject
Project("{FAE04EC0-301F-11D3-BF4B-00C04F79EFBC}") = "UnitTests", "UnitTests\UnitTests.csproj", "{3230383A-6E63-4299-89C0-C8A3DA4B9E9B}"
EndProject
Global
	GlobalSection(SolutionConfigurationPlatforms) = preSolution
		Debug|Any CPU = Debug|Any CPU
		Debug|x64 = Debug|x64
		Debug|x86 = Debug|x86
		Release|Any CPU = Release|Any CPU
		Release|x64 = Release|x64
		Release|x86 = Release|x86
	EndGlobalSection
	GlobalSection(ProjectConfigurationPlatforms) = postSolution
		{EAF8CD0E-1934-40AB-B139-63CE9F423439}.Debug|Any CPU.ActiveCfg = Debug|Any CPU
		{EAF8CD0E-1934-40AB-B139-63CE9F423439}.Debug|Any CPU.Build.0 = Debug|Any CPU
		{EAF8CD0E-1934-40AB-B139-63CE9F423439}.Debug|x64.ActiveCfg = Debug|Any CPU
		{EAF8CD0E-1934-40AB-B139-63CE9F423439}.Debug|x64.Build.0 = Debug|Any CPU
		{EAF8CD0E-1934-40AB-B139-63CE9F423439}.Debug|x86.ActiveCfg = Debug|Any CPU
		{EAF8CD0E-1934-40AB-B139-63CE9F423439}.Debug|x86.Build.0 = Debug|Any CPU
		{EAF8CD0E-1934-40AB-B139-63CE9F423439}.Release|Any CPU.ActiveCfg = Release|Any CPU
		{EAF8CD0E-1934-40AB-B139-63CE9F423439}.Release|Any CPU.Build.0 = Release|Any CPU
		{EAF8CD0E-1934-40AB-B139-63CE9F423439}.Release|x64.ActiveCfg = Release|Any CPU
		{EAF8CD0E-1934-40AB-B139-63CE9F423439}.Release|x64.Build.0 = Release|Any CPU
		{EAF8CD0E-1934-40AB-B139-63CE9F423439}.Release|x86.ActiveCfg = Release|Any CPU
		{EAF8CD0E-1934-40AB-B139-63CE9F423439}.Release|x86.Build.0 = Release|Any CPU
		{3230383A-6E63-4299-89C0-C8A3DA4B9E9B}.Debug|Any CPU.ActiveCfg = Debug|Any CPU
		{3230383A-6E63-4299-89C0-C8A3DA4B9E9B}.Debug|Any CPU.Build.0 = Debug|Any CPU
		{3230383A-6E63-4299-89C0-C8A3DA4B9E9B}.Debug|x64.ActiveCfg = Debug|Any CPU
		{3230383A-6E63-4299-89C0-C8A3DA4B9E9B}.Debug|x64.Build.0 = Debug|Any CPU
		{3230383A-6E63-4299-89C0-C8A3DA4B9E9B}.Debug|x86.ActiveCfg = Debug|Any CPU
		{3230383A-6E63-4299-89C0-C8A3DA4B9E9B}.Debug|x86.Build.0 = Debug|Any CPU
		{3230383A-6E63-4299-89C0-C8A3DA4B9E9B}.Release|Any CPU.ActiveCfg = Release|Any CPU
		{3230383A-6E63-4299-89C0-C8A3DA4B9E9B}.Release|Any CPU.Build.0 = Release|Any CPU
		{3230383A-6E63-4299-89C0-C8A3DA4B9E9B}.Release|x64.ActiveCfg = Release|Any CPU
		{3230383A-6E63-4299-89C0-C8A3DA4B9E9B}.Release|x64.Build.0 = Release|Any CPU
		{3230383A-6E63-4299-89C0-C8A3DA4B9E9B}.Release|x86.ActiveCfg = Release|Any CPU
		{3230383A-6E63-4299-89C0-C8A3DA4B9E9B}.Release|x86.Build.0 = Release|Any CPU
	EndGlobalSection
	GlobalSection(SolutionProperties) = preSolution
		HideSolutionNode = FALSE
	EndGlobalSection
	GlobalSection(ExtensibilityGlobals) = postSolution
		SolutionGuid = {C884C238-8F0E-4A85-A613-110760D7FBD6}
	EndGlobalSection
EndGlobal
